
Microsoft Visual Studio Solution File, Format Version 12.00
# Visual Studio 15
VisualStudioVersion = 15.0.27130.2003
MinimumVisualStudioVersion = 10.0.40219.1
Project("{FAE04EC0-301F-11D3-BF4B-00C04F79EFBC}") = "JobAdApp.Android", "JobAdApp\JobAdApp.Android\JobAdApp.Android.csproj", "{A2C7102B-FB58-4517-9219-79619A1268F1}"
EndProject
Project("{FAE04EC0-301F-11D3-BF4B-00C04F79EFBC}") = "JobAdApp.iOS", "JobAdApp\JobAdApp.iOS\JobAdApp.iOS.csproj", "{6C9621FA-0EF4-4B25-8066-1DFF8D35D68F}"
EndProject
Project("{FAE04EC0-301F-11D3-BF4B-00C04F79EFBC}") = "JobAdApp", "JobAdApp\JobAdApp\JobAdApp.csproj", "{8BFF799A-4065-468A-AB38-AB90C74CE9AF}"
EndProject
Global
	GlobalSection(SolutionConfigurationPlatforms) = preSolution
		Ad-Hoc|Any CPU = Ad-Hoc|Any CPU
		Ad-Hoc|iPhone = Ad-Hoc|iPhone
		Ad-Hoc|iPhoneSimulator = Ad-Hoc|iPhoneSimulator
		AppStore|Any CPU = AppStore|Any CPU
		AppStore|iPhone = AppStore|iPhone
		AppStore|iPhoneSimulator = AppStore|iPhoneSimulator
		Debug|Any CPU = Debug|Any CPU
		Debug|iPhone = Debug|iPhone
		Debug|iPhoneSimulator = Debug|iPhoneSimulator
		Release|Any CPU = Release|Any CPU
		Release|iPhone = Release|iPhone
		Release|iPhoneSimulator = Release|iPhoneSimulator
	EndGlobalSection
	GlobalSection(ProjectConfigurationPlatforms) = postSolution
		{A2C7102B-FB58-4517-9219-79619A1268F1}.Ad-Hoc|Any CPU.ActiveCfg = Release|Any CPU
		{A2C7102B-FB58-4517-9219-79619A1268F1}.Ad-Hoc|Any CPU.Build.0 = Release|Any CPU
		{A2C7102B-FB58-4517-9219-79619A1268F1}.Ad-Hoc|Any CPU.Deploy.0 = Release|Any CPU
		{A2C7102B-FB58-4517-9219-79619A1268F1}.Ad-Hoc|iPhone.ActiveCfg = Release|Any CPU
		{A2C7102B-FB58-4517-9219-79619A1268F1}.Ad-Hoc|iPhone.Build.0 = Release|Any CPU
		{A2C7102B-FB58-4517-9219-79619A1268F1}.Ad-Hoc|iPhone.Deploy.0 = Release|Any CPU
		{A2C7102B-FB58-4517-9219-79619A1268F1}.Ad-Hoc|iPhoneSimulator.ActiveCfg = Release|Any CPU
		{A2C7102B-FB58-4517-9219-79619A1268F1}.Ad-Hoc|iPhoneSimulator.Build.0 = Release|Any CPU
		{A2C7102B-FB58-4517-9219-79619A1268F1}.Ad-Hoc|iPhoneSimulator.Deploy.0 = Release|Any CPU
		{A2C7102B-FB58-4517-9219-79619A1268F1}.AppStore|Any CPU.ActiveCfg = Release|Any CPU
		{A2C7102B-FB58-4517-9219-79619A1268F1}.AppStore|Any CPU.Build.0 = Release|Any CPU
		{A2C7102B-FB58-4517-9219-79619A1268F1}.AppStore|Any CPU.Deploy.0 = Release|Any CPU
		{A2C7102B-FB58-4517-9219-79619A1268F1}.AppStore|iPhone.ActiveCfg = Release|Any CPU
		{A2C7102B-FB58-4517-9219-79619A1268F1}.AppStore|iPhone.Build.0 = Release|Any CPU
		{A2C7102B-FB58-4517-9219-79619A1268F1}.AppStore|iPhone.Deploy.0 = Release|Any CPU
		{A2C7102B-FB58-4517-9219-79619A1268F1}.AppStore|iPhoneSimulator.ActiveCfg = Release|Any CPU
		{A2C7102B-FB58-4517-9219-79619A1268F1}.AppStore|iPhoneSimulator.Build.0 = Release|Any CPU
		{A2C7102B-FB58-4517-9219-79619A1268F1}.AppStore|iPhoneSimulator.Deploy.0 = Release|Any CPU
		{A2C7102B-FB58-4517-9219-79619A1268F1}.Debug|Any CPU.ActiveCfg = Debug|Any CPU
		{A2C7102B-FB58-4517-9219-79619A1268F1}.Debug|Any CPU.Build.0 = Debug|Any CPU
		{A2C7102B-FB58-4517-9219-79619A1268F1}.Debug|Any CPU.Deploy.0 = Debug|Any CPU
		{A2C7102B-FB58-4517-9219-79619A1268F1}.Debug|iPhone.ActiveCfg = Debug|Any CPU
		{A2C7102B-FB58-4517-9219-79619A1268F1}.Debug|iPhone.Build.0 = Debug|Any CPU
		{A2C7102B-FB58-4517-9219-79619A1268F1}.Debug|iPhone.Deploy.0 = Debug|Any CPU
		{A2C7102B-FB58-4517-9219-79619A1268F1}.Debug|iPhoneSimulator.ActiveCfg = Debug|Any CPU
		{A2C7102B-FB58-4517-9219-79619A1268F1}.Debug|iPhoneSimulator.Build.0 = Debug|Any CPU
		{A2C7102B-FB58-4517-9219-79619A1268F1}.Debug|iPhoneSimulator.Deploy.0 = Debug|Any CPU
		{A2C7102B-FB58-4517-9219-79619A1268F1}.Release|Any CPU.ActiveCfg = Release|Any CPU
		{A2C7102B-FB58-4517-9219-79619A1268F1}.Release|Any CPU.Build.0 = Release|Any CPU
		{A2C7102B-FB58-4517-9219-79619A1268F1}.Release|Any CPU.Deploy.0 = Release|Any CPU
		{A2C7102B-FB58-4517-9219-79619A1268F1}.Release|iPhone.ActiveCfg = Release|Any CPU
		{A2C7102B-FB58-4517-9219-79619A1268F1}.Release|iPhone.Build.0 = Release|Any CPU
		{A2C7102B-FB58-4517-9219-79619A1268F1}.Release|iPhone.Deploy.0 = Release|Any CPU
		{A2C7102B-FB58-4517-9219-79619A1268F1}.Release|iPhoneSimulator.ActiveCfg = Release|Any CPU
		{A2C7102B-FB58-4517-9219-79619A1268F1}.Release|iPhoneSimulator.Build.0 = Release|Any CPU
		{A2C7102B-FB58-4517-9219-79619A1268F1}.Release|iPhoneSimulator.Deploy.0 = Release|Any CPU
		{6C9621FA-0EF4-4B25-8066-1DFF8D35D68F}.Ad-Hoc|Any CPU.ActiveCfg = Ad-Hoc|iPhone
		{6C9621FA-0EF4-4B25-8066-1DFF8D35D68F}.Ad-Hoc|iPhone.ActiveCfg = Ad-Hoc|iPhone
		{6C9621FA-0EF4-4B25-8066-1DFF8D35D68F}.Ad-Hoc|iPhone.Build.0 = Ad-Hoc|iPhone
		{6C9621FA-0EF4-4B25-8066-1DFF8D35D68F}.Ad-Hoc|iPhoneSimulator.ActiveCfg = Ad-Hoc|iPhoneSimulator
		{6C9621FA-0EF4-4B25-8066-1DFF8D35D68F}.Ad-Hoc|iPhoneSimulator.Build.0 = Ad-Hoc|iPhoneSimulator
		{6C9621FA-0EF4-4B25-8066-1DFF8D35D68F}.AppStore|Any CPU.ActiveCfg = AppStore|iPhone
		{6C9621FA-0EF4-4B25-8066-1DFF8D35D68F}.AppStore|iPhone.ActiveCfg = AppStore|iPhone
		{6C9621FA-0EF4-4B25-8066-1DFF8D35D68F}.AppStore|iPhone.Build.0 = AppStore|iPhone
		{6C9621FA-0EF4-4B25-8066-1DFF8D35D68F}.AppStore|iPhoneSimulator.ActiveCfg = AppStore|iPhoneSimulator
		{6C9621FA-0EF4-4B25-8066-1DFF8D35D68F}.AppStore|iPhoneSimulator.Build.0 = AppStore|iPhoneSimulator
		{6C9621FA-0EF4-4B25-8066-1DFF8D35D68F}.Debug|Any CPU.ActiveCfg = Debug|iPhone
		{6C9621FA-0EF4-4B25-8066-1DFF8D35D68F}.Debug|iPhone.ActiveCfg = Debug|iPhone
		{6C9621FA-0EF4-4B25-8066-1DFF8D35D68F}.Debug|iPhone.Build.0 = Debug|iPhone
		{6C9621FA-0EF4-4B25-8066-1DFF8D35D68F}.Debug|iPhoneSimulator.ActiveCfg = Debug|iPhoneSimulator
		{6C9621FA-0EF4-4B25-8066-1DFF8D35D68F}.Debug|iPhoneSimulator.Build.0 = Debug|iPhoneSimulator
		{6C9621FA-0EF4-4B25-8066-1DFF8D35D68F}.Release|Any CPU.ActiveCfg = Release|iPhone
		{6C9621FA-0EF4-4B25-8066-1DFF8D35D68F}.Release|iPhone.ActiveCfg = Release|iPhone
		{6C9621FA-0EF4-4B25-8066-1DFF8D35D68F}.Release|iPhone.Build.0 = Release|iPhone
		{6C9621FA-0EF4-4B25-8066-1DFF8D35D68F}.Release|iPhoneSimulator.ActiveCfg = Release|iPhoneSimulator
		{6C9621FA-0EF4-4B25-8066-1DFF8D35D68F}.Release|iPhoneSimulator.Build.0 = Release|iPhoneSimulator
		{8BFF799A-4065-468A-AB38-AB90C74CE9AF}.Ad-Hoc|Any CPU.ActiveCfg = Debug|Any CPU
		{8BFF799A-4065-468A-AB38-AB90C74CE9AF}.Ad-Hoc|Any CPU.Build.0 = Debug|Any CPU
		{8BFF799A-4065-468A-AB38-AB90C74CE9AF}.Ad-Hoc|iPhone.ActiveCfg = Debug|Any CPU
		{8BFF799A-4065-468A-AB38-AB90C74CE9AF}.Ad-Hoc|iPhone.Build.0 = Debug|Any CPU
		{8BFF799A-4065-468A-AB38-AB90C74CE9AF}.Ad-Hoc|iPhoneSimulator.ActiveCfg = Debug|Any CPU
		{8BFF799A-4065-468A-AB38-AB90C74CE9AF}.Ad-Hoc|iPhoneSimulator.Build.0 = Debug|Any CPU
		{8BFF799A-4065-468A-AB38-AB90C74CE9AF}.AppStore|Any CPU.ActiveCfg = Debug|Any CPU
		{8BFF799A-4065-468A-AB38-AB90C74CE9AF}.AppStore|Any CPU.Build.0 = Debug|Any CPU
		{8BFF799A-4065-468A-AB38-AB90C74CE9AF}.AppStore|iPhone.ActiveCfg = Debug|Any CPU
		{8BFF799A-4065-468A-AB38-AB90C74CE9AF}.AppStore|iPhone.Build.0 = Debug|Any CPU
		{8BFF799A-4065-468A-AB38-AB90C74CE9AF}.AppStore|iPhoneSimulator.ActiveCfg = Debug|Any CPU
		{8BFF799A-4065-468A-AB38-AB90C74CE9AF}.AppStore|iPhoneSimulator.Build.0 = Debug|Any CPU
		{8BFF799A-4065-468A-AB38-AB90C74CE9AF}.Debug|Any CPU.ActiveCfg = Debug|Any CPU
		{8BFF799A-4065-468A-AB38-AB90C74CE9AF}.Debug|Any CPU.Build.0 = Debug|Any CPU
		{8BFF799A-4065-468A-AB38-AB90C74CE9AF}.Debug|iPhone.ActiveCfg = Debug|Any CPU
		{8BFF799A-4065-468A-AB38-AB90C74CE9AF}.Debug|iPhone.Build.0 = Debug|Any CPU
		{8BFF799A-4065-468A-AB38-AB90C74CE9AF}.Debug|iPhoneSimulator.ActiveCfg = Debug|Any CPU
		{8BFF799A-4065-468A-AB38-AB90C74CE9AF}.Debug|iPhoneSimulator.Build.0 = Debug|Any CPU
		{8BFF799A-4065-468A-AB38-AB90C74CE9AF}.Release|Any CPU.ActiveCfg = Release|Any CPU
		{8BFF799A-4065-468A-AB38-AB90C74CE9AF}.Release|Any CPU.Build.0 = Release|Any CPU
		{8BFF799A-4065-468A-AB38-AB90C74CE9AF}.Release|iPhone.ActiveCfg = Release|Any CPU
		{8BFF799A-4065-468A-AB38-AB90C74CE9AF}.Release|iPhone.Build.0 = Release|Any CPU
		{8BFF799A-4065-468A-AB38-AB90C74CE9AF}.Release|iPhoneSimulator.ActiveCfg = Release|Any CPU
		{8BFF799A-4065-468A-AB38-AB90C74CE9AF}.Release|iPhoneSimulator.Build.0 = Release|Any CPU
	EndGlobalSection
	GlobalSection(SolutionProperties) = preSolution
		HideSolutionNode = FALSE
	EndGlobalSection
	GlobalSection(ExtensibilityGlobals) = postSolution
		SolutionGuid = {D5ADFAD4-557C-4EC7-8819-D38C8AD63B04}
	EndGlobalSection
EndGlobal
